
Microsoft Visual Studio Solution File, Format Version 12.00
# Visual Studio Version 17
VisualStudioVersion = 17.4.33213.308
MinimumVisualStudioVersion = 10.0.40219.1
Project("{9A19103F-16F7-4668-BE54-9A1E7A4F7556}") = "ToDoList", "ToDoList\ToDoList.csproj", "{E9D920D9-7F6B-4329-87CB-CE21394BE198}"
EndProject
Project("{FAE04EC0-301F-11D3-BF4B-00C04F79EFBC}") = "ToDoList.Tests", "ToDoList.Tests\ToDoList.Tests.csproj", "{73B3537D-1D3B-4AB6-BE49-01C1D04F864D}"
EndProject
Global
	GlobalSection(SolutionConfigurationPlatforms) = preSolution
		Debug|Any CPU = Debug|Any CPU
		Release|Any CPU = Release|Any CPU
	EndGlobalSection
	GlobalSection(ProjectConfigurationPlatforms) = postSolution
		{E9D920D9-7F6B-4329-87CB-CE21394BE198}.Debug|Any CPU.ActiveCfg = Debug|Any CPU
		{E9D920D9-7F6B-4329-87CB-CE21394BE198}.Debug|Any CPU.Build.0 = Debug|Any CPU
		{E9D920D9-7F6B-4329-87CB-CE21394BE198}.Release|Any CPU.ActiveCfg = Release|Any CPU
		{E9D920D9-7F6B-4329-87CB-CE21394BE198}.Release|Any CPU.Build.0 = Release|Any CPU
		{73B3537D-1D3B-4AB6-BE49-01C1D04F864D}.Debug|Any CPU.ActiveCfg = Debug|Any CPU
		{73B3537D-1D3B-4AB6-BE49-01C1D04F864D}.Debug|Any CPU.Build.0 = Debug|Any CPU
		{73B3537D-1D3B-4AB6-BE49-01C1D04F864D}.Release|Any CPU.ActiveCfg = Release|Any CPU
		{73B3537D-1D3B-4AB6-BE49-01C1D04F864D}.Release|Any CPU.Build.0 = Release|Any CPU
	EndGlobalSection
	GlobalSection(SolutionProperties) = preSolution
		HideSolutionNode = FALSE
	EndGlobalSection
	GlobalSection(ExtensibilityGlobals) = postSolution
		SolutionGuid = {C01FE101-E8D8-4884-9ED3-B0932EBE71EB}
	EndGlobalSection
EndGlobal
